
Microsoft Visual Studio Solution File, Format Version 12.00
# Visual Studio Version 17
VisualStudioVersion = 17.0.31903.59
MinimumVisualStudioVersion = 10.0.40219.1
Project("{2150E333-8FDC-42A3-9474-1A3956D46DE8}") = "src", "src", "{827E0CD3-B72D-47B6-A68D-7590B98EB39B}"
EndProject
Project("{2150E333-8FDC-42A3-9474-1A3956D46DE8}") = "backend", "backend", "{FE360695-3F2B-1049-3887-35FBB5135923}"
EndProject
Project("{FAE04EC0-301F-11D3-BF4B-00C04F79EFBC}") = "Brewfolio.Api", "src\backend\Brewfolio.Api\Brewfolio.Api.csproj", "{9FC22C2A-C9EA-41B6-9845-0F97C11CFEDE}"
EndProject
Project("{FAE04EC0-301F-11D3-BF4B-00C04F79EFBC}") = "Brewfolio.Application", "src\backend\Brewfolio.Application\Brewfolio.Application.csproj", "{E101249F-1377-4EE3-932A-09C5ECAA11AA}"
EndProject
Project("{FAE04EC0-301F-11D3-BF4B-00C04F79EFBC}") = "Brewfolio.Domain", "src\backend\Brewfolio.Domain\Brewfolio.Domain.csproj", "{2B99F69C-AEDE-4CAB-979E-7DD4EB2B1781}"
EndProject
Project("{FAE04EC0-301F-11D3-BF4B-00C04F79EFBC}") = "Brewfolio.Infrastructure", "src\backend\Brewfolio.Infrastructure\Brewfolio.Infrastructure.csproj", "{AFA907F2-0F18-49FA-87C2-8491DCAD0526}"
EndProject
Project("{2150E333-8FDC-42A3-9474-1A3956D46DE8}") = "tests", "tests", "{0AB3BF05-4346-4AA6-1389-037BE0695223}"
EndProject
Project("{2150E333-8FDC-42A3-9474-1A3956D46DE8}") = "backend", "backend", "{C62EED4C-2AC9-F50F-E0BC-649CFEA98BDB}"
EndProject
Project("{FAE04EC0-301F-11D3-BF4B-00C04F79EFBC}") = "Brewfolio.UnitTests", "tests\backend\Brewfolio.UnitTests\Brewfolio.UnitTests.csproj", "{52642FC0-D06A-4B07-894D-44D02D750E01}"
EndProject
Project("{FAE04EC0-301F-11D3-BF4B-00C04F79EFBC}") = "Brewfolio.ArchitectureTests", "tests\backend\Brewfolio.ArchitectureTests\Brewfolio.ArchitectureTests.csproj", "{3B112212-3DC0-4C48-BB5A-72A411BC9368}"
EndProject
Project("{FAE04EC0-301F-11D3-BF4B-00C04F79EFBC}") = "Brewfolio.IntegrationTests", "tests\backend\Brewfolio.IntegrationTests\Brewfolio.IntegrationTests.csproj", "{2C31A89A-E835-46D0-A872-544794B10416}"
EndProject
Global
	GlobalSection(SolutionConfigurationPlatforms) = preSolution
		Debug|Any CPU = Debug|Any CPU
		Debug|x64 = Debug|x64
		Debug|x86 = Debug|x86
		Release|Any CPU = Release|Any CPU
		Release|x64 = Release|x64
		Release|x86 = Release|x86
	EndGlobalSection
	GlobalSection(ProjectConfigurationPlatforms) = postSolution
		{9FC22C2A-C9EA-41B6-9845-0F97C11CFEDE}.Debug|Any CPU.ActiveCfg = Debug|Any CPU
		{9FC22C2A-C9EA-41B6-9845-0F97C11CFEDE}.Debug|Any CPU.Build.0 = Debug|Any CPU
		{9FC22C2A-C9EA-41B6-9845-0F97C11CFEDE}.Debug|x64.ActiveCfg = Debug|Any CPU
		{9FC22C2A-C9EA-41B6-9845-0F97C11CFEDE}.Debug|x64.Build.0 = Debug|Any CPU
		{9FC22C2A-C9EA-41B6-9845-0F97C11CFEDE}.Debug|x86.ActiveCfg = Debug|Any CPU
		{9FC22C2A-C9EA-41B6-9845-0F97C11CFEDE}.Debug|x86.Build.0 = Debug|Any CPU
		{9FC22C2A-C9EA-41B6-9845-0F97C11CFEDE}.Release|Any CPU.ActiveCfg = Release|Any CPU
		{9FC22C2A-C9EA-41B6-9845-0F97C11CFEDE}.Release|Any CPU.Build.0 = Release|Any CPU
		{9FC22C2A-C9EA-41B6-9845-0F97C11CFEDE}.Release|x64.ActiveCfg = Release|Any CPU
		{9FC22C2A-C9EA-41B6-9845-0F97C11CFEDE}.Release|x64.Build.0 = Release|Any CPU
		{9FC22C2A-C9EA-41B6-9845-0F97C11CFEDE}.Release|x86.ActiveCfg = Release|Any CPU
		{9FC22C2A-C9EA-41B6-9845-0F97C11CFEDE}.Release|x86.Build.0 = Release|Any CPU
		{E101249F-1377-4EE3-932A-09C5ECAA11AA}.Debug|Any CPU.ActiveCfg = Debug|Any CPU
		{E101249F-1377-4EE3-932A-09C5ECAA11AA}.Debug|Any CPU.Build.0 = Debug|Any CPU
		{E101249F-1377-4EE3-932A-09C5ECAA11AA}.Debug|x64.ActiveCfg = Debug|Any CPU
		{E101249F-1377-4EE3-932A-09C5ECAA11AA}.Debug|x64.Build.0 = Debug|Any CPU
		{E101249F-1377-4EE3-932A-09C5ECAA11AA}.Debug|x86.ActiveCfg = Debug|Any CPU
		{E101249F-1377-4EE3-932A-09C5ECAA11AA}.Debug|x86.Build.0 = Debug|Any CPU
		{E101249F-1377-4EE3-932A-09C5ECAA11AA}.Release|Any CPU.ActiveCfg = Release|Any CPU
		{E101249F-1377-4EE3-932A-09C5ECAA11AA}.Release|Any CPU.Build.0 = Release|Any CPU
		{E101249F-1377-4EE3-932A-09C5ECAA11AA}.Release|x64.ActiveCfg = Release|Any CPU
		{E101249F-1377-4EE3-932A-09C5ECAA11AA}.Release|x64.Build.0 = Release|Any CPU
		{E101249F-1377-4EE3-932A-09C5ECAA11AA}.Release|x86.ActiveCfg = Release|Any CPU
		{E101249F-1377-4EE3-932A-09C5ECAA11AA}.Release|x86.Build.0 = Release|Any CPU
		{2B99F69C-AEDE-4CAB-979E-7DD4EB2B1781}.Debug|Any CPU.ActiveCfg = Debug|Any CPU
		{2B99F69C-AEDE-4CAB-979E-7DD4EB2B1781}.Debug|Any CPU.Build.0 = Debug|Any CPU
		{2B99F69C-AEDE-4CAB-979E-7DD4EB2B1781}.Debug|x64.ActiveCfg = Debug|Any CPU
		{2B99F69C-AEDE-4CAB-979E-7DD4EB2B1781}.Debug|x64.Build.0 = Debug|Any CPU
		{2B99F69C-AEDE-4CAB-979E-7DD4EB2B1781}.Debug|x86.ActiveCfg = Debug|Any CPU
		{2B99F69C-AEDE-4CAB-979E-7DD4EB2B1781}.Debug|x86.Build.0 = Debug|Any CPU
		{2B99F69C-AEDE-4CAB-979E-7DD4EB2B1781}.Release|Any CPU.ActiveCfg = Release|Any CPU
		{2B99F69C-AEDE-4CAB-979E-7DD4EB2B1781}.Release|Any CPU.Build.0 = Release|Any CPU
		{2B99F69C-AEDE-4CAB-979E-7DD4EB2B1781}.Release|x64.ActiveCfg = Release|Any CPU
		{2B99F69C-AEDE-4CAB-979E-7DD4EB2B1781}.Release|x64.Build.0 = Release|Any CPU
		{2B99F69C-AEDE-4CAB-979E-7DD4EB2B1781}.Release|x86.ActiveCfg = Release|Any CPU
		{2B99F69C-AEDE-4CAB-979E-7DD4EB2B1781}.Release|x86.Build.0 = Release|Any CPU
		{AFA907F2-0F18-49FA-87C2-8491DCAD0526}.Debug|Any CPU.ActiveCfg = Debug|Any CPU
		{AFA907F2-0F18-49FA-87C2-8491DCAD0526}.Debug|Any CPU.Build.0 = Debug|Any CPU
		{AFA907F2-0F18-49FA-87C2-8491DCAD0526}.Debug|x64.ActiveCfg = Debug|Any CPU
		{AFA907F2-0F18-49FA-87C2-8491DCAD0526}.Debug|x64.Build.0 = Debug|Any CPU
		{AFA907F2-0F18-49FA-87C2-8491DCAD0526}.Debug|x86.ActiveCfg = Debug|Any CPU
		{AFA907F2-0F18-49FA-87C2-8491DCAD0526}.Debug|x86.Build.0 = Debug|Any CPU
		{AFA907F2-0F18-49FA-87C2-8491DCAD0526}.Release|Any CPU.ActiveCfg = Release|Any CPU
		{AFA907F2-0F18-49FA-87C2-8491DCAD0526}.Release|Any CPU.Build.0 = Release|Any CPU
		{AFA907F2-0F18-49FA-87C2-8491DCAD0526}.Release|x64.ActiveCfg = Release|Any CPU
		{AFA907F2-0F18-49FA-87C2-8491DCAD0526}.Release|x64.Build.0 = Release|Any CPU
		{AFA907F2-0F18-49FA-87C2-8491DCAD0526}.Release|x86.ActiveCfg = Release|Any CPU
		{AFA907F2-0F18-49FA-87C2-8491DCAD0526}.Release|x86.Build.0 = Release|Any CPU
		{52642FC0-D06A-4B07-894D-44D02D750E01}.Debug|Any CPU.ActiveCfg = Debug|Any CPU
		{52642FC0-D06A-4B07-894D-44D02D750E01}.Debug|Any CPU.Build.0 = Debug|Any CPU
		{52642FC0-D06A-4B07-894D-44D02D750E01}.Debug|x64.ActiveCfg = Debug|Any CPU
		{52642FC0-D06A-4B07-894D-44D02D750E01}.Debug|x64.Build.0 = Debug|Any CPU
		{52642FC0-D06A-4B07-894D-44D02D750E01}.Debug|x86.ActiveCfg = Debug|Any CPU
		{52642FC0-D06A-4B07-894D-44D02D750E01}.Debug|x86.Build.0 = Debug|Any CPU
		{52642FC0-D06A-4B07-894D-44D02D750E01}.Release|Any CPU.ActiveCfg = Release|Any CPU
		{52642FC0-D06A-4B07-894D-44D02D750E01}.Release|Any CPU.Build.0 = Release|Any CPU
		{52642FC0-D06A-4B07-894D-44D02D750E01}.Release|x64.ActiveCfg = Release|Any CPU
		{52642FC0-D06A-4B07-894D-44D02D750E01}.Release|x64.Build.0 = Release|Any CPU
		{52642FC0-D06A-4B07-894D-44D02D750E01}.Release|x86.ActiveCfg = Release|Any CPU
		{52642FC0-D06A-4B07-894D-44D02D750E01}.Release|x86.Build.0 = Release|Any CPU
		{3B112212-3DC0-4C48-BB5A-72A411BC9368}.Debug|Any CPU.ActiveCfg = Debug|Any CPU
		{3B112212-3DC0-4C48-BB5A-72A411BC9368}.Debug|Any CPU.Build.0 = Debug|Any CPU
		{3B112212-3DC0-4C48-BB5A-72A411BC9368}.Debug|x64.ActiveCfg = Debug|Any CPU
		{3B112212-3DC0-4C48-BB5A-72A411BC9368}.Debug|x64.Build.0 = Debug|Any CPU
		{3B112212-3DC0-4C48-BB5A-72A411BC9368}.Debug|x86.ActiveCfg = Debug|Any CPU
		{3B112212-3DC0-4C48-BB5A-72A411BC9368}.Debug|x86.Build.0 = Debug|Any CPU
		{3B112212-3DC0-4C48-BB5A-72A411BC9368}.Release|Any CPU.ActiveCfg = Release|Any CPU
		{3B112212-3DC0-4C48-BB5A-72A411BC9368}.Release|Any CPU.Build.0 = Release|Any CPU
		{3B112212-3DC0-4C48-BB5A-72A411BC9368}.Release|x64.ActiveCfg = Release|Any CPU
		{3B112212-3DC0-4C48-BB5A-72A411BC9368}.Release|x64.Build.0 = Release|Any CPU
		{3B112212-3DC0-4C48-BB5A-72A411BC9368}.Release|x86.ActiveCfg = Release|Any CPU
		{3B112212-3DC0-4C48-BB5A-72A411BC9368}.Release|x86.Build.0 = Release|Any CPU
		{2C31A89A-E835-46D0-A872-544794B10416}.Debug|Any CPU.ActiveCfg = Debug|Any CPU
		{2C31A89A-E835-46D0-A872-544794B10416}.Debug|Any CPU.Build.0 = Debug|Any CPU
		{2C31A89A-E835-46D0-A872-544794B10416}.Debug|x64.ActiveCfg = Debug|Any CPU
		{2C31A89A-E835-46D0-A872-544794B10416}.Debug|x64.Build.0 = Debug|Any CPU
		{2C31A89A-E835-46D0-A872-544794B10416}.Debug|x86.ActiveCfg = Debug|Any CPU
		{2C31A89A-E835-46D0-A872-544794B10416}.Debug|x86.Build.0 = Debug|Any CPU
		{2C31A89A-E835-46D0-A872-544794B10416}.Release|Any CPU.ActiveCfg = Release|Any CPU
		{2C31A89A-E835-46D0-A872-544794B10416}.Release|Any CPU.Build.0 = Release|Any CPU
		{2C31A89A-E835-46D0-A872-544794B10416}.Release|x64.ActiveCfg = Release|Any CPU
		{2C31A89A-E835-46D0-A872-544794B10416}.Release|x64.Build.0 = Release|Any CPU
		{2C31A89A-E835-46D0-A872-544794B10416}.Release|x86.ActiveCfg = Release|Any CPU
		{2C31A89A-E835-46D0-A872-544794B10416}.Release|x86.Build.0 = Release|Any CPU
	EndGlobalSection
	GlobalSection(SolutionProperties) = preSolution
		HideSolutionNode = FALSE
	EndGlobalSection
	GlobalSection(NestedProjects) = preSolution
		{FE360695-3F2B-1049-3887-35FBB5135923} = {827E0CD3-B72D-47B6-A68D-7590B98EB39B}
		{9FC22C2A-C9EA-41B6-9845-0F97C11CFEDE} = {FE360695-3F2B-1049-3887-35FBB5135923}
		{E101249F-1377-4EE3-932A-09C5ECAA11AA} = {FE360695-3F2B-1049-3887-35FBB5135923}
		{2B99F69C-AEDE-4CAB-979E-7DD4EB2B1781} = {FE360695-3F2B-1049-3887-35FBB5135923}
		{AFA907F2-0F18-49FA-87C2-8491DCAD0526} = {FE360695-3F2B-1049-3887-35FBB5135923}
		{C62EED4C-2AC9-F50F-E0BC-649CFEA98BDB} = {0AB3BF05-4346-4AA6-1389-037BE0695223}
		{52642FC0-D06A-4B07-894D-44D02D750E01} = {C62EED4C-2AC9-F50F-E0BC-649CFEA98BDB}
		{3B112212-3DC0-4C48-BB5A-72A411BC9368} = {C62EED4C-2AC9-F50F-E0BC-649CFEA98BDB}
		{2C31A89A-E835-46D0-A872-544794B10416} = {C62EED4C-2AC9-F50F-E0BC-649CFEA98BDB}
	EndGlobalSection
EndGlobal
